// !$*UTF8*$!
{
	archiveVersion = 1;
	classes = {
	};
	objectVersion = 50;
	objects = {

/* Begin PBXBuildFile section */
		FD28C2FF26458B730023A0DE /* OnBoardingScreensWithSwiftUIApp.swift in Sources */ = {isa = PBXBuildFile; fileRef = FD28C2FE26458B730023A0DE /* OnBoardingScreensWithSwiftUIApp.swift */; };
		FD28C30126458B730023A0DE /* ContentView.swift in Sources */ = {isa = PBXBuildFile; fileRef = FD28C30026458B730023A0DE /* ContentView.swift */; };
		FD28C30326458B750023A0DE /* Assets.xcassets in Resources */ = {isa = PBXBuildFile; fileRef = FD28C30226458B750023A0DE /* Assets.xcassets */; };
		FD28C30626458B750023A0DE /* Preview Assets.xcassets in Resources */ = {isa = PBXBuildFile; fileRef = FD28C30526458B750023A0DE /* Preview Assets.xcassets */; };
		FD28C31226458C940023A0DE /* Colors.swift in Sources */ = {isa = PBXBuildFile; fileRef = FD28C31126458C940023A0DE /* Colors.swift */; };
		FD28C3142645914B0023A0DE /* ColorExtensions.swift in Sources */ = {isa = PBXBuildFile; fileRef = FD28C3132645914B0023A0DE /* ColorExtensions.swift */; };
		FD28C317264593250023A0DE /* Onboarding.swift in Sources */ = {isa = PBXBuildFile; fileRef = FD28C316264593250023A0DE /* Onboarding.swift */; };
		FD28C31A264593B80023A0DE /* AppModel.swift in Sources */ = {isa = PBXBuildFile; fileRef = FD28C319264593B80023A0DE /* AppModel.swift */; };
		FD28C31E264596D20023A0DE /* StrokedRectangle.swift in Sources */ = {isa = PBXBuildFile; fileRef = FD28C31D264596D20023A0DE /* StrokedRectangle.swift */; };
		FD28C32026459B130023A0DE /* NextButton.swift in Sources */ = {isa = PBXBuildFile; fileRef = FD28C31F26459B130023A0DE /* NextButton.swift */; };
		FD28C32226459C990023A0DE /* OnboardingView.swift in Sources */ = {isa = PBXBuildFile; fileRef = FD28C32126459C990023A0DE /* OnboardingView.swift */; };
		FD28C32426459E740023A0DE /* OnboardingScrollView.swift in Sources */ = {isa = PBXBuildFile; fileRef = FD28C32326459E740023A0DE /* OnboardingScrollView.swift */; };
		FD28C3262645A0450023A0DE /* OnboardingPage.swift in Sources */ = {isa = PBXBuildFile; fileRef = FD28C3252645A0450023A0DE /* OnboardingPage.swift */; };
/* End PBXBuildFile section */

/* Begin PBXFileReference section */
		FD28C2FB26458B730023A0DE /* OnBoardingScreensWithSwiftUI.app */ = {isa = PBXFileReference; explicitFileType = wrapper.application; includeInIndex = 0; path = OnBoardingScreensWithSwiftUI.app; sourceTree = BUILT_PRODUCTS_DIR; };
		FD28C2FE26458B730023A0DE /* OnBoardingScreensWithSwiftUIApp.swift */ = {isa = PBXFileReference; lastKnownFileType = sourcecode.swift; path = OnBoardingScreensWithSwiftUIApp.swift; sourceTree = "<group>"; };
		FD28C30026458B730023A0DE /* ContentView.swift */ = {isa = PBXFileReference; lastKnownFileType = sourcecode.swift; path = ContentView.swift; sourceTree = "<group>"; };
		FD28C30226458B750023A0DE /* Assets.xcassets */ = {isa = PBXFileReference; lastKnownFileType = folder.assetcatalog; path = Assets.xcassets; sourceTree = "<group>"; };
		FD28C30526458B750023A0DE /* Preview Assets.xcassets */ = {isa = PBXFileReference; lastKnownFileType = folder.assetcatalog; path = "Preview Assets.xcassets"; sourceTree = "<group>"; };
		FD28C30726458B750023A0DE /* Info.plist */ = {isa = PBXFileReference; lastKnownFileType = text.plist.xml; path = Info.plist; sourceTree = "<group>"; };
		FD28C31126458C940023A0DE /* Colors.swift */ = {isa = PBXFileReference; lastKnownFileType = sourcecode.swift; path = Colors.swift; sourceTree = "<group>"; };
		FD28C3132645914B0023A0DE /* ColorExtensions.swift */ = {isa = PBXFileReference; lastKnownFileType = sourcecode.swift; path = ColorExtensions.swift; sourceTree = "<group>"; };
		FD28C316264593250023A0DE /* Onboarding.swift */ = {isa = PBXFileReference; lastKnownFileType = sourcecode.swift; path = Onboarding.swift; sourceTree = "<group>"; };
		FD28C319264593B80023A0DE /* AppModel.swift */ = {isa = PBXFileReference; lastKnownFileType = sourcecode.swift; path = AppModel.swift; sourceTree = "<group>"; };
		FD28C31D264596D20023A0DE /* StrokedRectangle.swift */ = {isa = PBXFileReference; lastKnownFileType = sourcecode.swift; path = StrokedRectangle.swift; sourceTree = "<group>"; };
		FD28C31F26459B130023A0DE /* NextButton.swift */ = {isa = PBXFileReference; lastKnownFileType = sourcecode.swift; path = NextButton.swift; sourceTree = "<group>"; };
		FD28C32126459C990023A0DE /* OnboardingView.swift */ = {isa = PBXFileReference; lastKnownFileType = sourcecode.swift; path = OnboardingView.swift; sourceTree = "<group>"; };
		FD28C32326459E740023A0DE /* OnboardingScrollView.swift */ = {isa = PBXFileReference; lastKnownFileType = sourcecode.swift; path = OnboardingScrollView.swift; sourceTree = "<group>"; };
		FD28C3252645A0450023A0DE /* OnboardingPage.swift */ = {isa = PBXFileReference; lastKnownFileType = sourcecode.swift; path = OnboardingPage.swift; sourceTree = "<group>"; };
/* End PBXFileReference section */

/* Begin PBXFrameworksBuildPhase section */
		FD28C2F826458B730023A0DE /* Frameworks */ = {
			isa = PBXFrameworksBuildPhase;
			buildActionMask = 2147483647;
			files = (
			);
			runOnlyForDeploymentPostprocessing = 0;
		};
/* End PBXFrameworksBuildPhase section */

/* Begin PBXGroup section */
		FD28C2F226458B730023A0DE = {
			isa = PBXGroup;
			children = (
				FD28C2FD26458B730023A0DE /* OnBoardingScreensWithSwiftUI */,
				FD28C2FC26458B730023A0DE /* Products */,
			);
			sourceTree = "<group>";
		};
		FD28C2FC26458B730023A0DE /* Products */ = {
			isa = PBXGroup;
			children = (
				FD28C2FB26458B730023A0DE /* OnBoardingScreensWithSwiftUI.app */,
			);
			name = Products;
			sourceTree = "<group>";
		};
		FD28C2FD26458B730023A0DE /* OnBoardingScreensWithSwiftUI */ = {
			isa = PBXGroup;
			children = (
				FD28C30D26458C170023A0DE /* Extensions */,
				FD28C30E26458C270023A0DE /* Code */,
				FD28C30F26458C340023A0DE /* Resources */,
				FD28C31026458C440023A0DE /* Utils */,
				FD28C2FE26458B730023A0DE /* OnBoardingScreensWithSwiftUIApp.swift */,
				FD28C30026458B730023A0DE /* ContentView.swift */,
				FD28C30226458B750023A0DE /* Assets.xcassets */,
				FD28C30726458B750023A0DE /* Info.plist */,
				FD28C30426458B750023A0DE /* Preview Content */,
			);
			path = OnBoardingScreensWithSwiftUI;
			sourceTree = "<group>";
		};
		FD28C30426458B750023A0DE /* Preview Content */ = {
			isa = PBXGroup;
			children = (
				FD28C30526458B750023A0DE /* Preview Assets.xcassets */,
			);
			path = "Preview Content";
			sourceTree = "<group>";
		};
		FD28C30D26458C170023A0DE /* Extensions */ = {
			isa = PBXGroup;
			children = (
				FD28C3132645914B0023A0DE /* ColorExtensions.swift */,
			);
			path = Extensions;
			sourceTree = "<group>";
		};
		FD28C30E26458C270023A0DE /* Code */ = {
			isa = PBXGroup;
			children = (
				FD28C315264592FA0023A0DE /* Models */,
				FD28C318264593950023A0DE /* Services */,
				FD28C31B264596A50023A0DE /* Views */,
			);
			path = Code;
			sourceTree = "<group>";
		};
		FD28C30F26458C340023A0DE /* Resources */ = {
			isa = PBXGroup;
			children = (
			);
			path = Resources;
			sourceTree = "<group>";
		};
		FD28C31026458C440023A0DE /* Utils */ = {
			isa = PBXGroup;
			children = (
				FD28C31126458C940023A0DE /* Colors.swift */,
			);
			path = Utils;
			sourceTree = "<group>";
		};
		FD28C315264592FA0023A0DE /* Models */ = {
			isa = PBXGroup;
			children = (
				FD28C316264593250023A0DE /* Onboarding.swift */,
			);
			path = Models;
			sourceTree = "<group>";
		};
		FD28C318264593950023A0DE /* Services */ = {
			isa = PBXGroup;
			children = (
				FD28C319264593B80023A0DE /* AppModel.swift */,
			);
			path = Services;
			sourceTree = "<group>";
		};
		FD28C31B264596A50023A0DE /* Views */ = {
			isa = PBXGroup;
			children = (
				FD28C31C264596B20023A0DE /* SupportView */,
				FD28C32126459C990023A0DE /* OnboardingView.swift */,
				FD28C32326459E740023A0DE /* OnboardingScrollView.swift */,
				FD28C3252645A0450023A0DE /* OnboardingPage.swift */,
			);
			path = Views;
			sourceTree = "<group>";
		};
		FD28C31C264596B20023A0DE /* SupportView */ = {
			isa = PBXGroup;
			children = (
				FD28C31D264596D20023A0DE /* StrokedRectangle.swift */,
				FD28C31F26459B130023A0DE /* NextButton.swift */,
			);
			path = SupportView;
			sourceTree = "<group>";
		};
/* End PBXGroup section */

/* Begin PBXNativeTarget section */
		FD28C2FA26458B730023A0DE /* OnBoardingScreensWithSwiftUI */ = {
			isa = PBXNativeTarget;
			buildConfigurationList = FD28C30A26458B750023A0DE /* Build configuration list for PBXNativeTarget "OnBoardingScreensWithSwiftUI" */;
			buildPhases = (
				FD28C2F726458B730023A0DE /* Sources */,
				FD28C2F826458B730023A0DE /* Frameworks */,
				FD28C2F926458B730023A0DE /* Resources */,
			);
			buildRules = (
			);
			dependencies = (
			);
			name = OnBoardingScreensWithSwiftUI;
			productName = OnBoardingScreensWithSwiftUI;
			productReference = FD28C2FB26458B730023A0DE /* OnBoardingScreensWithSwiftUI.app */;
			productType = "com.apple.product-type.application";
		};
/* End PBXNativeTarget section */

/* Begin PBXProject section */
		FD28C2F326458B730023A0DE /* Project object */ = {
			isa = PBXProject;
			attributes = {
				LastSwiftUpdateCheck = 1250;
				LastUpgradeCheck = 1250;
				TargetAttributes = {
					FD28C2FA26458B730023A0DE = {
						CreatedOnToolsVersion = 12.5;
					};
				};
			};
			buildConfigurationList = FD28C2F626458B730023A0DE /* Build configuration list for PBXProject "OnBoardingScreensWithSwiftUI" */;
			compatibilityVersion = "Xcode 9.3";
			developmentRegion = en;
			hasScannedForEncodings = 0;
			knownRegions = (
				en,
				Base,
			);
			mainGroup = FD28C2F226458B730023A0DE;
			productRefGroup = FD28C2FC26458B730023A0DE /* Products */;
			projectDirPath = "";
			projectRoot = "";
			targets = (
				FD28C2FA26458B730023A0DE /* OnBoardingScreensWithSwiftUI */,
			);
		};
/* End PBXProject section */

/* Begin PBXResourcesBuildPhase section */
		FD28C2F926458B730023A0DE /* Resources */ = {
			isa = PBXResourcesBuildPhase;
			buildActionMask = 2147483647;
			files = (
				FD28C30626458B750023A0DE /* Preview Assets.xcassets in Resources */,
				FD28C30326458B750023A0DE /* Assets.xcassets in Resources */,
			);
			runOnlyForDeploymentPostprocessing = 0;
		};
/* End PBXResourcesBuildPhase section */

/* Begin PBXSourcesBuildPhase section */
		FD28C2F726458B730023A0DE /* Sources */ = {
			isa = PBXSourcesBuildPhase;
			buildActionMask = 2147483647;
			files = (
				FD28C31E264596D20023A0DE /* StrokedRectangle.swift in Sources */,
				FD28C30126458B730023A0DE /* ContentView.swift in Sources */,
				FD28C31A264593B80023A0DE /* AppModel.swift in Sources */,
				FD28C32226459C990023A0DE /* OnboardingView.swift in Sources */,
				FD28C31226458C940023A0DE /* Colors.swift in Sources */,
				FD28C3262645A0450023A0DE /* OnboardingPage.swift in Sources */,
				FD28C317264593250023A0DE /* Onboarding.swift in Sources */,
				FD28C32426459E740023A0DE /* OnboardingScrollView.swift in Sources */,
				FD28C2FF26458B730023A0DE /* OnBoardingScreensWithSwiftUIApp.swift in Sources */,
				FD28C32026459B130023A0DE /* NextButton.swift in Sources */,
				FD28C3142645914B0023A0DE /* ColorExtensions.swift in Sources */,
			);
			runOnlyForDeploymentPostprocessing = 0;
		};
/* End PBXSourcesBuildPhase section */

/* Begin XCBuildConfiguration section */
		FD28C30826458B750023A0DE /* Debug */ = {
			isa = XCBuildConfiguration;
			buildSettings = {
				ALWAYS_SEARCH_USER_PATHS = NO;
				CLANG_ANALYZER_NONNULL = YES;
				CLANG_ANALYZER_NUMBER_OBJECT_CONVERSION = YES_AGGRESSIVE;
				CLANG_CXX_LANGUAGE_STANDARD = "gnu++14";
				CLANG_CXX_LIBRARY = "libc++";
				CLANG_ENABLE_MODULES = YES;
				CLANG_ENABLE_OBJC_ARC = YES;
				CLANG_ENABLE_OBJC_WEAK = YES;
				CLANG_WARN_BLOCK_CAPTURE_AUTORELEASING = YES;
				CLANG_WARN_BOOL_CONVERSION = YES;
				CLANG_WARN_COMMA = YES;
				CLANG_WARN_CONSTANT_CONVERSION = YES;
				CLANG_WARN_DEPRECATED_OBJC_IMPLEMENTATIONS = YES;
				CLANG_WARN_DIRECT_OBJC_ISA_USAGE = YES_ERROR;
				CLANG_WARN_DOCUMENTATION_COMMENTS = YES;
				CLANG_WARN_EMPTY_BODY = YES;
				CLANG_WARN_ENUM_CONVERSION = YES;
				CLANG_WARN_INFINITE_RECURSION = YES;
				CLANG_WARN_INT_CONVERSION = YES;
				CLANG_WARN_NON_LITERAL_NULL_CONVERSION = YES;
				CLANG_WARN_OBJC_IMPLICIT_RETAIN_SELF = YES;
				CLANG_WARN_OBJC_LITERAL_CONVERSION = YES;
				CLANG_WARN_OBJC_ROOT_CLASS = YES_ERROR;
				CLANG_WARN_QUOTED_INCLUDE_IN_FRAMEWORK_HEADER = YES;
				CLANG_WARN_RANGE_LOOP_ANALYSIS = YES;
				CLANG_WARN_STRICT_PROTOTYPES = YES;
				CLANG_WARN_SUSPICIOUS_MOVE = YES;
				CLANG_WARN_UNGUARDED_AVAILABILITY = YES_AGGRESSIVE;
				CLANG_WARN_UNREACHABLE_CODE = YES;
				CLANG_WARN__DUPLICATE_METHOD_MATCH = YES;
				COPY_PHASE_STRIP = NO;
				DEBUG_INFORMATION_FORMAT = dwarf;
				ENABLE_STRICT_OBJC_MSGSEND = YES;
				ENABLE_TESTABILITY = YES;
				GCC_C_LANGUAGE_STANDARD = gnu11;
				GCC_DYNAMIC_NO_PIC = NO;
				GCC_NO_COMMON_BLOCKS = YES;
				GCC_OPTIMIZATION_LEVEL = 0;
				GCC_PREPROCESSOR_DEFINITIONS = (
					"DEBUG=1",
					"$(inherited)",
				);
				GCC_WARN_64_TO_32_BIT_CONVERSION = YES;
				GCC_WARN_ABOUT_RETURN_TYPE = YES_ERROR;
				GCC_WARN_UNDECLARED_SELECTOR = YES;
				GCC_WARN_UNINITIALIZED_AUTOS = YES_AGGRESSIVE;
				GCC_WARN_UNUSED_FUNCTION = YES;
				GCC_WARN_UNUSED_VARIABLE = YES;
				IPHONEOS_DEPLOYMENT_TARGET = 14.5;
				MTL_ENABLE_DEBUG_INFO = INCLUDE_SOURCE;
				MTL_FAST_MATH = YES;
				ONLY_ACTIVE_ARCH = YES;
				SDKROOT = iphoneos;
				SWIFT_ACTIVE_COMPILATION_CONDITIONS = DEBUG;
				SWIFT_OPTIMIZATION_LEVEL = "-Onone";
			};
			name = Debug;
		};
		FD28C30926458B750023A0DE /* Release */ = {
			isa = XCBuildConfiguration;
			buildSettings = {
				ALWAYS_SEARCH_USER_PATHS = NO;
				CLANG_ANALYZER_NONNULL = YES;
				CLANG_ANALYZER_NUMBER_OBJECT_CONVERSION = YES_AGGRESSIVE;
				CLANG_CXX_LANGUAGE_STANDARD = "gnu++14";
				CLANG_CXX_LIBRARY = "libc++";
				CLANG_ENABLE_MODULES = YES;
				CLANG_ENABLE_OBJC_ARC = YES;
				CLANG_ENABLE_OBJC_WEAK = YES;
				CLANG_WARN_BLOCK_CAPTURE_AUTORELEASING = YES;
				CLANG_WARN_BOOL_CONVERSION = YES;
				CLANG_WARN_COMMA = YES;
				CLANG_WARN_CONSTANT_CONVERSION = YES;
				CLANG_WARN_DEPRECATED_OBJC_IMPLEMENTATIONS = YES;
				CLANG_WARN_DIRECT_OBJC_ISA_USAGE = YES_ERROR;
				CLANG_WARN_DOCUMENTATION_COMMENTS = YES;
				CLANG_WARN_EMPTY_BODY = YES;
				CLANG_WARN_ENUM_CONVERSION = YES;
				CLANG_WARN_INFINITE_RECURSION = YES;
				CLANG_WARN_INT_CONVERSION = YES;
				CLANG_WARN_NON_LITERAL_NULL_CONVERSION = YES;
				CLANG_WARN_OBJC_IMPLICIT_RETAIN_SELF = YES;
				CLANG_WARN_OBJC_LITERAL_CONVERSION = YES;
				CLANG_WARN_OBJC_ROOT_CLASS = YES_ERROR;
				CLANG_WARN_QUOTED_INCLUDE_IN_FRAMEWORK_HEADER = YES;
				CLANG_WARN_RANGE_LOOP_ANALYSIS = YES;
				CLANG_WARN_STRICT_PROTOTYPES = YES;
				CLANG_WARN_SUSPICIOUS_MOVE = YES;
				CLANG_WARN_UNGUARDED_AVAILABILITY = YES_AGGRESSIVE;
				CLANG_WARN_UNREACHABLE_CODE = YES;
				CLANG_WARN__DUPLICATE_METHOD_MATCH = YES;
				COPY_PHASE_STRIP = NO;
				DEBUG_INFORMATION_FORMAT = "dwarf-with-dsym";
				ENABLE_NS_ASSERTIONS = NO;
				ENABLE_STRICT_OBJC_MSGSEND = YES;
				GCC_C_LANGUAGE_STANDARD = gnu11;
				GCC_NO_COMMON_BLOCKS = YES;
				GCC_WARN_64_TO_32_BIT_CONVERSION = YES;
				GCC_WARN_ABOUT_RETURN_TYPE = YES_ERROR;
				GCC_WARN_UNDECLARED_SELECTOR = YES;
				GCC_WARN_UNINITIALIZED_AUTOS = YES_AGGRESSIVE;
				GCC_WARN_UNUSED_FUNCTION = YES;
				GCC_WARN_UNUSED_VARIABLE = YES;
				IPHONEOS_DEPLOYMENT_TARGET = 14.5;
				MTL_ENABLE_DEBUG_INFO = NO;
				MTL_FAST_MATH = YES;
				SDKROOT = iphoneos;
				SWIFT_COMPILATION_MODE = wholemodule;
				SWIFT_OPTIMIZATION_LEVEL = "-O";
				VALIDATE_PRODUCT = YES;
			};
			name = Release;
		};
		FD28C30B26458B750023A0DE /* Debug */ = {
			isa = XCBuildConfiguration;
			buildSettings = {
				ASSETCATALOG_COMPILER_APPICON_NAME = AppIcon;
				ASSETCATALOG_COMPILER_GLOBAL_ACCENT_COLOR_NAME = AccentColor;
				CODE_SIGN_STYLE = Automatic;
				DEVELOPMENT_ASSET_PATHS = "\"OnBoardingScreensWithSwiftUI/Preview Content\"";
				DEVELOPMENT_TEAM = XP6V4T4UU6;
				ENABLE_PREVIEWS = YES;
				INFOPLIST_FILE = OnBoardingScreensWithSwiftUI/Info.plist;
				IPHONEOS_DEPLOYMENT_TARGET = 14.0;
				LD_RUNPATH_SEARCH_PATHS = (
					"$(inherited)",
					"@executable_path/Frameworks",
				);
				PRODUCT_BUNDLE_IDENTIFIER = com.blacenova.OnBoardingScreensWithSwiftUI;
				PRODUCT_NAME = "$(TARGET_NAME)";
				SWIFT_VERSION = 5.0;
				TARGETED_DEVICE_FAMILY = "1,2";
			};
			name = Debug;
		};
		FD28C30C26458B750023A0DE /* Release */ = {
			isa = XCBuildConfiguration;
			buildSettings = {
				ASSETCATALOG_COMPILER_APPICON_NAME = AppIcon;
				ASSETCATALOG_COMPILER_GLOBAL_ACCENT_COLOR_NAME = AccentColor;
				CODE_SIGN_STYLE = Automatic;
				DEVELOPMENT_ASSET_PATHS = "\"OnBoardingScreensWithSwiftUI/Preview Content\"";
				DEVELOPMENT_TEAM = XP6V4T4UU6;
				ENABLE_PREVIEWS = YES;
				INFOPLIST_FILE = OnBoardingScreensWithSwiftUI/Info.plist;
				IPHONEOS_DEPLOYMENT_TARGET = 14.0;
				LD_RUNPATH_SEARCH_PATHS = (
					"$(inherited)",
					"@executable_path/Frameworks",
				);
				PRODUCT_BUNDLE_IDENTIFIER = com.blacenova.OnBoardingScreensWithSwiftUI;
				PRODUCT_NAME = "$(TARGET_NAME)";
				SWIFT_VERSION = 5.0;
				TARGETED_DEVICE_FAMILY = "1,2";
			};
			name = Release;
		};
/* End XCBuildConfiguration section */

/* Begin XCConfigurationList section */
		FD28C2F626458B730023A0DE /* Build configuration list for PBXProject "OnBoardingScreensWithSwiftUI" */ = {
			isa = XCConfigurationList;
			buildConfigurations = (
				FD28C30826458B750023A0DE /* Debug */,
				FD28C30926458B750023A0DE /* Release */,
			);
			defaultConfigurationIsVisible = 0;
			defaultConfigurationName = Release;
		};
		FD28C30A26458B750023A0DE /* Build configuration list for PBXNativeTarget "OnBoardingScreensWithSwiftUI" */ = {
			isa = XCConfigurationList;
			buildConfigurations = (
				FD28C30B26458B750023A0DE /* Debug */,
				FD28C30C26458B750023A0DE /* Release */,
			);
			defaultConfigurationIsVisible = 0;
			defaultConfigurationName = Release;
		};
/* End XCConfigurationList section */
	};
	rootObject = FD28C2F326458B730023A0DE /* Project object */;
}
